
Microsoft Visual Studio Solution File, Format Version 12.00
# Visual Studio Version 17
VisualStudioVersion = 17.8.34330.188
MinimumVisualStudioVersion = 10.0.40219.1
Project("{FAE04EC0-301F-11D3-BF4B-00C04F79EFBC}") = "winform_gyumolcsok", "winform_gyumolcsok\winform_gyumolcsok.csproj", "{5A20BED4-48FE-48F3-B4D6-C16FFCB08F0F}"
EndProject
Global
	GlobalSection(SolutionConfigurationPlatforms) = preSolution
		Debug|Any CPU = Debug|Any CPU
		Release|Any CPU = Release|Any CPU
	EndGlobalSection
	GlobalSection(ProjectConfigurationPlatforms) = postSolution
		{5A20BED4-48FE-48F3-B4D6-C16FFCB08F0F}.Debug|Any CPU.ActiveCfg = Debug|Any CPU
		{5A20BED4-48FE-48F3-B4D6-C16FFCB08F0F}.Debug|Any CPU.Build.0 = Debug|Any CPU
		{5A20BED4-48FE-48F3-B4D6-C16FFCB08F0F}.Release|Any CPU.ActiveCfg = Release|Any CPU
		{5A20BED4-48FE-48F3-B4D6-C16FFCB08F0F}.Release|Any CPU.Build.0 = Release|Any CPU
	EndGlobalSection
	GlobalSection(SolutionProperties) = preSolution
		HideSolutionNode = FALSE
	EndGlobalSection
	GlobalSection(ExtensibilityGlobals) = postSolution
		SolutionGuid = {7F631BAD-D840-4420-ACCE-FE9A026C0946}
	EndGlobalSection
EndGlobal
